{
    "_readme": [
        "This file locks the dependencies of your project to a known state",
        "Read more about it at https://getcomposer.org/doc/01-basic-usage.md#installing-dependencies",
        "This file is @generated automatically"
    ],
    "content-hash": "28e03d1a5a88f5d323fd9c9657a16915",
    "packages": [
        {
            "name": "cyndaron/binary-handler",
            "version": "dev-master",
            "source": {
                "type": "git",
                "url": "https://github.com/Cyndaron/binary-handler.git",
                "reference": "24d18cd8bc3d4257f3e02d85dace93b4ba43729d"
            },
            "require": {
                "php": ">=8.1"
            },
            "require-dev": {
                "friendsofphp/php-cs-fixer": "*",
                "phpstan/phpstan": "*"
            },
            "default-branch": true,
            "type": "project",
            "autoload": {
                "psr-4": {
                    "Cyndaron\\BinaryHandler\\": "src/"
                }
            },
            "scripts": {
                "phpstan": [
                    "vendor/bin/phpstan analyse src --level 9"
                ],
                "cs-check": [
                    "vendor/bin/php-cs-fixer fix src/ --allow-risky=yes --dry-run --diff"
                ],
                "cs-fix": [
                    "vendor/bin/php-cs-fixer fix src/ --allow-risky=yes"
                ]
            },
            "license": [
                "MIT"
            ],
            "description": "Read and write binary files easily",
            "time": "2023-03-21T22:14:27+00:00"
        }
    ],
    "packages-dev": [],
    "aliases": [],
    "minimum-stability": "dev",
    "stability-flags": {
        "cyndaron/binary-handler": 20
    },
    "prefer-stable": false,
    "prefer-lowest": false,
    "platform": {
        "ext-mbstring": "*",
        "ext-json": "*",
        "ext-gd": "*"
    },
    "platform-dev": [],
    "plugin-api-version": "2.2.0"
}
